
Microsoft Visual Studio Solution File, Format Version 12.00
# Visual Studio Version 16
VisualStudioVersion = 16.0.29806.167
MinimumVisualStudioVersion = 10.0.40219.1
Project("{FAE04EC0-301F-11D3-BF4B-00C04F79EFBC}") = "Patterns", "Patterns\Patterns.csproj", "{06A84F43-67D8-4B5E-B9B6-7CDD70B4E626}"
EndProject
Global
	GlobalSection(SolutionConfigurationPlatforms) = preSolution
		Debug|Any CPU = Debug|Any CPU
		Release|Any CPU = Release|Any CPU
	EndGlobalSection
	GlobalSection(ProjectConfigurationPlatforms) = postSolution
		{06A84F43-67D8-4B5E-B9B6-7CDD70B4E626}.Debug|Any CPU.ActiveCfg = Debug|Any CPU
		{06A84F43-67D8-4B5E-B9B6-7CDD70B4E626}.Debug|Any CPU.Build.0 = Debug|Any CPU
		{06A84F43-67D8-4B5E-B9B6-7CDD70B4E626}.Release|Any CPU.ActiveCfg = Release|Any CPU
		{06A84F43-67D8-4B5E-B9B6-7CDD70B4E626}.Release|Any CPU.Build.0 = Release|Any CPU
	EndGlobalSection
	GlobalSection(SolutionProperties) = preSolution
		HideSolutionNode = FALSE
	EndGlobalSection
	GlobalSection(ExtensibilityGlobals) = postSolution
		SolutionGuid = {FC13D2F0-F50A-4124-92A8-64C466ADD397}
	EndGlobalSection
EndGlobal
